
Microsoft Visual Studio Solution File, Format Version 12.00
# Visual Studio 15
VisualStudioVersion = 15.0.27428.2043
MinimumVisualStudioVersion = 10.0.40219.1
Project("{FAE04EC0-301F-11D3-BF4B-00C04F79EFBC}") = "CreditCardStripeParser", "CreditCardStripeParser\CreditCardStripeParser.csproj", "{FCE9BB60-B43E-49E7-B47C-E2F4A8D97E9E}"
EndProject
Project("{2150E333-8FDC-42A3-9474-1A3956D46DE8}") = "Source", "Source", "{02EA34F8-1F00-4FDF-B833-C2DA2AB0ED0E}"
EndProject
Project("{2150E333-8FDC-42A3-9474-1A3956D46DE8}") = "Test", "Test", "{D85B403F-2218-4ECE-87FB-4EADDFB04730}"
EndProject
Project("{FAE04EC0-301F-11D3-BF4B-00C04F79EFBC}") = "CreditCardStripeParser.Tests", "CreditCardStripeParser.Tests\CreditCardStripeParser.Tests.csproj", "{18B91F7D-814C-4CB8-879C-FDEE95EDD2F5}"
EndProject
Global
	GlobalSection(SolutionConfigurationPlatforms) = preSolution
		Debug|Any CPU = Debug|Any CPU
		Release|Any CPU = Release|Any CPU
	EndGlobalSection
	GlobalSection(ProjectConfigurationPlatforms) = postSolution
		{FCE9BB60-B43E-49E7-B47C-E2F4A8D97E9E}.Debug|Any CPU.ActiveCfg = Debug|Any CPU
		{FCE9BB60-B43E-49E7-B47C-E2F4A8D97E9E}.Debug|Any CPU.Build.0 = Debug|Any CPU
		{FCE9BB60-B43E-49E7-B47C-E2F4A8D97E9E}.Release|Any CPU.ActiveCfg = Release|Any CPU
		{FCE9BB60-B43E-49E7-B47C-E2F4A8D97E9E}.Release|Any CPU.Build.0 = Release|Any CPU
		{18B91F7D-814C-4CB8-879C-FDEE95EDD2F5}.Debug|Any CPU.ActiveCfg = Debug|Any CPU
		{18B91F7D-814C-4CB8-879C-FDEE95EDD2F5}.Debug|Any CPU.Build.0 = Debug|Any CPU
		{18B91F7D-814C-4CB8-879C-FDEE95EDD2F5}.Release|Any CPU.ActiveCfg = Release|Any CPU
		{18B91F7D-814C-4CB8-879C-FDEE95EDD2F5}.Release|Any CPU.Build.0 = Release|Any CPU
	EndGlobalSection
	GlobalSection(SolutionProperties) = preSolution
		HideSolutionNode = FALSE
	EndGlobalSection
	GlobalSection(NestedProjects) = preSolution
		{FCE9BB60-B43E-49E7-B47C-E2F4A8D97E9E} = {02EA34F8-1F00-4FDF-B833-C2DA2AB0ED0E}
		{18B91F7D-814C-4CB8-879C-FDEE95EDD2F5} = {D85B403F-2218-4ECE-87FB-4EADDFB04730}
	EndGlobalSection
	GlobalSection(ExtensibilityGlobals) = postSolution
		SolutionGuid = {54A38EC6-D6EB-4795-A23A-49FB1BAFB918}
	EndGlobalSection
EndGlobal
